
Microsoft Visual Studio Solution File, Format Version 12.00
# Visual Studio Version 17
VisualStudioVersion = 17.0.31903.59
MinimumVisualStudioVersion = 10.0.40219.1
Project("{2150E333-8FDC-42A3-9474-1A3956D46DE8}") = "backend", "backend", "{A1DB879C-264F-4817-8121-D87BB1E9B799}"
EndProject
Project("{FAE04EC0-301F-11D3-BF4B-00C04F79EFBC}") = "HotelOps.Domene", "backend\HotelOps.Domene\HotelOps.Domene.csproj", "{AF0E7E33-B93A-41E9-BAD7-33010B95B38E}"
EndProject
Project("{FAE04EC0-301F-11D3-BF4B-00C04F79EFBC}") = "HotelOps.Applikasjon", "backend\HotelOps.Applikasjon\HotelOps.Applikasjon.csproj", "{173F377F-C07F-4213-8BD6-677B19F880F6}"
EndProject
Project("{FAE04EC0-301F-11D3-BF4B-00C04F79EFBC}") = "HotelOps.Infrastruktur", "backend\HotelOps.Infrastruktur\HotelOps.Infrastruktur.csproj", "{7A7B0EBD-0E8A-4CF8-8996-12E10B2FD761}"
EndProject
Project("{FAE04EC0-301F-11D3-BF4B-00C04F79EFBC}") = "HotelOps.Api", "backend\HotelOps.Api\HotelOps.Api.csproj", "{59918666-30DD-4EF5-A31A-092A3BBF965E}"
EndProject
Project("{2150E333-8FDC-42A3-9474-1A3956D46DE8}") = "tester", "tester", "{377E8F8A-B455-458F-9DC4-9309E682BC9D}"
EndProject
Project("{FAE04EC0-301F-11D3-BF4B-00C04F79EFBC}") = "HotelOps.DomeneTester", "tester\HotelOps.DomeneTester\HotelOps.DomeneTester.csproj", "{0CD5E722-139D-4B9B-84B2-3256DA122675}"
EndProject
Project("{FAE04EC0-301F-11D3-BF4B-00C04F79EFBC}") = "HotelOps.ApiTester", "tester\HotelOps.ApiTester\HotelOps.ApiTester.csproj", "{821CC4F6-7038-495D-A2B0-433C1C0B1DB9}"
EndProject
Global
	GlobalSection(SolutionConfigurationPlatforms) = preSolution
		Debug|Any CPU = Debug|Any CPU
		Release|Any CPU = Release|Any CPU
	EndGlobalSection
	GlobalSection(SolutionProperties) = preSolution
		HideSolutionNode = FALSE
	EndGlobalSection
	GlobalSection(ProjectConfigurationPlatforms) = postSolution
		{AF0E7E33-B93A-41E9-BAD7-33010B95B38E}.Debug|Any CPU.ActiveCfg = Debug|Any CPU
		{AF0E7E33-B93A-41E9-BAD7-33010B95B38E}.Debug|Any CPU.Build.0 = Debug|Any CPU
		{AF0E7E33-B93A-41E9-BAD7-33010B95B38E}.Release|Any CPU.ActiveCfg = Release|Any CPU
		{AF0E7E33-B93A-41E9-BAD7-33010B95B38E}.Release|Any CPU.Build.0 = Release|Any CPU
		{173F377F-C07F-4213-8BD6-677B19F880F6}.Debug|Any CPU.ActiveCfg = Debug|Any CPU
		{173F377F-C07F-4213-8BD6-677B19F880F6}.Debug|Any CPU.Build.0 = Debug|Any CPU
		{173F377F-C07F-4213-8BD6-677B19F880F6}.Release|Any CPU.ActiveCfg = Release|Any CPU
		{173F377F-C07F-4213-8BD6-677B19F880F6}.Release|Any CPU.Build.0 = Release|Any CPU
		{7A7B0EBD-0E8A-4CF8-8996-12E10B2FD761}.Debug|Any CPU.ActiveCfg = Debug|Any CPU
		{7A7B0EBD-0E8A-4CF8-8996-12E10B2FD761}.Debug|Any CPU.Build.0 = Debug|Any CPU
		{7A7B0EBD-0E8A-4CF8-8996-12E10B2FD761}.Release|Any CPU.ActiveCfg = Release|Any CPU
		{7A7B0EBD-0E8A-4CF8-8996-12E10B2FD761}.Release|Any CPU.Build.0 = Release|Any CPU
		{59918666-30DD-4EF5-A31A-092A3BBF965E}.Debug|Any CPU.ActiveCfg = Debug|Any CPU
		{59918666-30DD-4EF5-A31A-092A3BBF965E}.Debug|Any CPU.Build.0 = Debug|Any CPU
		{59918666-30DD-4EF5-A31A-092A3BBF965E}.Release|Any CPU.ActiveCfg = Release|Any CPU
		{59918666-30DD-4EF5-A31A-092A3BBF965E}.Release|Any CPU.Build.0 = Release|Any CPU
		{0CD5E722-139D-4B9B-84B2-3256DA122675}.Debug|Any CPU.ActiveCfg = Debug|Any CPU
		{0CD5E722-139D-4B9B-84B2-3256DA122675}.Debug|Any CPU.Build.0 = Debug|Any CPU
		{0CD5E722-139D-4B9B-84B2-3256DA122675}.Release|Any CPU.ActiveCfg = Release|Any CPU
		{0CD5E722-139D-4B9B-84B2-3256DA122675}.Release|Any CPU.Build.0 = Release|Any CPU
		{821CC4F6-7038-495D-A2B0-433C1C0B1DB9}.Debug|Any CPU.ActiveCfg = Debug|Any CPU
		{821CC4F6-7038-495D-A2B0-433C1C0B1DB9}.Debug|Any CPU.Build.0 = Debug|Any CPU
		{821CC4F6-7038-495D-A2B0-433C1C0B1DB9}.Release|Any CPU.ActiveCfg = Release|Any CPU
		{821CC4F6-7038-495D-A2B0-433C1C0B1DB9}.Release|Any CPU.Build.0 = Release|Any CPU
	EndGlobalSection
	GlobalSection(NestedProjects) = preSolution
		{AF0E7E33-B93A-41E9-BAD7-33010B95B38E} = {A1DB879C-264F-4817-8121-D87BB1E9B799}
		{173F377F-C07F-4213-8BD6-677B19F880F6} = {A1DB879C-264F-4817-8121-D87BB1E9B799}
		{7A7B0EBD-0E8A-4CF8-8996-12E10B2FD761} = {A1DB879C-264F-4817-8121-D87BB1E9B799}
		{59918666-30DD-4EF5-A31A-092A3BBF965E} = {A1DB879C-264F-4817-8121-D87BB1E9B799}
		{0CD5E722-139D-4B9B-84B2-3256DA122675} = {377E8F8A-B455-458F-9DC4-9309E682BC9D}
		{821CC4F6-7038-495D-A2B0-433C1C0B1DB9} = {377E8F8A-B455-458F-9DC4-9309E682BC9D}
	EndGlobalSection
EndGlobal
